
Microsoft Visual Studio Solution File, Format Version 12.00
# Visual Studio 14
VisualStudioVersion = 14.0.23107.0
MinimumVisualStudioVersion = 10.0.40219.1
Project("{FAE04EC0-301F-11D3-BF4B-00C04F79EFBC}") = "1-Nina-9", "1-Nina-9\1-Nina-9.csproj", "{D82DAA78-77AD-4FC5-B464-6F8FBC3EFDCA}"
EndProject
Global
	GlobalSection(SolutionConfigurationPlatforms) = preSolution
		Debug|Any CPU = Debug|Any CPU
		Release|Any CPU = Release|Any CPU
	EndGlobalSection
	GlobalSection(ProjectConfigurationPlatforms) = postSolution
		{D82DAA78-77AD-4FC5-B464-6F8FBC3EFDCA}.Debug|Any CPU.ActiveCfg = Debug|Any CPU
		{D82DAA78-77AD-4FC5-B464-6F8FBC3EFDCA}.Debug|Any CPU.Build.0 = Debug|Any CPU
		{D82DAA78-77AD-4FC5-B464-6F8FBC3EFDCA}.Release|Any CPU.ActiveCfg = Release|Any CPU
		{D82DAA78-77AD-4FC5-B464-6F8FBC3EFDCA}.Release|Any CPU.Build.0 = Release|Any CPU
	EndGlobalSection
	GlobalSection(SolutionProperties) = preSolution
		HideSolutionNode = FALSE
	EndGlobalSection
EndGlobal
